// !$*UTF8*$!
{
	archiveVersion = 1;
	classes = {
	};
	objectVersion = 56;
	objects = {

/* Begin PBXBuildFile section */
		2E6FAFDC2BB201AC006957D8 /* AppDelegate.swift in Sources */ = {isa = PBXBuildFile; fileRef = 2E6FAFDB2BB201AC006957D8 /* AppDelegate.swift */; };
		2E6FAFDE2BB201AC006957D8 /* SceneDelegate.swift in Sources */ = {isa = PBXBuildFile; fileRef = 2E6FAFDD2BB201AC006957D8 /* SceneDelegate.swift */; };
		2E6FAFE02BB201AC006957D8 /* ViewController.swift in Sources */ = {isa = PBXBuildFile; fileRef = 2E6FAFDF2BB201AC006957D8 /* ViewController.swift */; };
		2E6FAFE32BB201AC006957D8 /* Main.storyboard in Resources */ = {isa = PBXBuildFile; fileRef = 2E6FAFE12BB201AC006957D8 /* Main.storyboard */; };
		2E6FAFE52BB201AD006957D8 /* Assets.xcassets in Resources */ = {isa = PBXBuildFile; fileRef = 2E6FAFE42BB201AD006957D8 /* Assets.xcassets */; };
		2E6FAFE82BB201AD006957D8 /* LaunchScreen.storyboard in Resources */ = {isa = PBXBuildFile; fileRef = 2E6FAFE62BB201AD006957D8 /* LaunchScreen.storyboard */; };
		2E6FB0062BB215DC006957D8 /* StreamingKit.framework in Frameworks */ = {isa = PBXBuildFile; fileRef = 2E6FAFFC2BB215DC006957D8 /* StreamingKit.framework */; };
		2E6FB0112BB215DC006957D8 /* StreamingKit.framework in Frameworks */ = {isa = PBXBuildFile; fileRef = 2E6FAFFC2BB215DC006957D8 /* StreamingKit.framework */; };
		2E6FB0122BB215DC006957D8 /* StreamingKit.framework in Embed Frameworks */ = {isa = PBXBuildFile; fileRef = 2E6FAFFC2BB215DC006957D8 /* StreamingKit.framework */; settings = {ATTRIBUTES = (CodeSignOnCopy, RemoveHeadersOnCopy, ); }; };
		2E77EC8F2C7BFE19002B7404 /* AdminPage.swift in Sources */ = {isa = PBXBuildFile; fileRef = 2E77EC8E2C7BFE19002B7404 /* AdminPage.swift */; };
		2E8882BE2BBB501E005BCFBE /* music_stream.crdownload in Resources */ = {isa = PBXBuildFile; fileRef = 2E8882BD2BBB501E005BCFBE /* music_stream.crdownload */; };
		2EAD0FEF2CFCA171007C340B /* ResetPage.swift in Sources */ = {isa = PBXBuildFile; fileRef = 2EAD0FEE2CFCA171007C340B /* ResetPage.swift */; };
		2EFE33A02BCBB60A00FB9FED /* StreamDetailsView.swift in Sources */ = {isa = PBXBuildFile; fileRef = 2EFE339F2BCBB60A00FB9FED /* StreamDetailsView.swift */; };
		2EFE33A32BCDC22A00FB9FED /* SwiftSoup in Frameworks */ = {isa = PBXBuildFile; productRef = 2EFE33A22BCDC22A00FB9FED /* SwiftSoup */; };
/* End PBXBuildFile section */

/* Begin PBXContainerItemProxy section */
		2E6FB0072BB215DC006957D8 /* PBXContainerItemProxy */ = {
			isa = PBXContainerItemProxy;
			containerPortal = 2E6FAFD02BB201AC006957D8 /* Project object */;
			proxyType = 1;
			remoteGlobalIDString = 2E6FAFFB2BB215DC006957D8;
			remoteInfo = StreamingKit;
		};
		2E6FB0092BB215DC006957D8 /* PBXContainerItemProxy */ = {
			isa = PBXContainerItemProxy;
			containerPortal = 2E6FAFD02BB201AC006957D8 /* Project object */;
			proxyType = 1;
			remoteGlobalIDString = 2E6FAFD72BB201AC006957D8;
			remoteInfo = WakeRadio;
		};
		2E6FB00F2BB215DC006957D8 /* PBXContainerItemProxy */ = {
			isa = PBXContainerItemProxy;
			containerPortal = 2E6FAFD02BB201AC006957D8 /* Project object */;
			proxyType = 1;
			remoteGlobalIDString = 2E6FAFFB2BB215DC006957D8;
			remoteInfo = StreamingKit;
		};
/* End PBXContainerItemProxy section */

/* Begin PBXCopyFilesBuildPhase section */
		2E6FB0162BB215DC006957D8 /* Embed Frameworks */ = {
			isa = PBXCopyFilesBuildPhase;
			buildActionMask = 2147483647;
			dstPath = "";
			dstSubfolderSpec = 10;
			files = (
				2E6FB0122BB215DC006957D8 /* StreamingKit.framework in Embed Frameworks */,
			);
			name = "Embed Frameworks";
			runOnlyForDeploymentPostprocessing = 0;
		};
/* End PBXCopyFilesBuildPhase section */

/* Begin PBXFileReference section */
		2E6FAFD82BB201AC006957D8 /* WakeRadio.app */ = {isa = PBXFileReference; explicitFileType = wrapper.application; includeInIndex = 0; path = WakeRadio.app; sourceTree = BUILT_PRODUCTS_DIR; };
		2E6FAFDB2BB201AC006957D8 /* AppDelegate.swift */ = {isa = PBXFileReference; lastKnownFileType = sourcecode.swift; path = AppDelegate.swift; sourceTree = "<group>"; };
		2E6FAFDD2BB201AC006957D8 /* SceneDelegate.swift */ = {isa = PBXFileReference; lastKnownFileType = sourcecode.swift; path = SceneDelegate.swift; sourceTree = "<group>"; };
		2E6FAFDF2BB201AC006957D8 /* ViewController.swift */ = {isa = PBXFileReference; lastKnownFileType = sourcecode.swift; path = ViewController.swift; sourceTree = "<group>"; };
		2E6FAFE22BB201AC006957D8 /* Base */ = {isa = PBXFileReference; lastKnownFileType = file.storyboard; name = Base; path = Base.lproj/Main.storyboard; sourceTree = "<group>"; };
		2E6FAFE42BB201AD006957D8 /* Assets.xcassets */ = {isa = PBXFileReference; lastKnownFileType = folder.assetcatalog; path = Assets.xcassets; sourceTree = "<group>"; };
		2E6FAFE72BB201AD006957D8 /* Base */ = {isa = PBXFileReference; lastKnownFileType = file.storyboard; name = Base; path = Base.lproj/LaunchScreen.storyboard; sourceTree = "<group>"; };
		2E6FAFE92BB201AD006957D8 /* Info.plist */ = {isa = PBXFileReference; lastKnownFileType = text.plist.xml; path = Info.plist; sourceTree = "<group>"; };
		2E6FAFFC2BB215DC006957D8 /* StreamingKit.framework */ = {isa = PBXFileReference; explicitFileType = wrapper.framework; includeInIndex = 0; path = StreamingKit.framework; sourceTree = BUILT_PRODUCTS_DIR; };
		2E6FB0052BB215DC006957D8 /* StreamingKitTests.xctest */ = {isa = PBXFileReference; explicitFileType = wrapper.cfbundle; includeInIndex = 0; path = StreamingKitTests.xctest; sourceTree = BUILT_PRODUCTS_DIR; };
		2E77EC8E2C7BFE19002B7404 /* AdminPage.swift */ = {isa = PBXFileReference; lastKnownFileType = sourcecode.swift; path = AdminPage.swift; sourceTree = "<group>"; };
		2E8882BD2BBB501E005BCFBE /* music_stream.crdownload */ = {isa = PBXFileReference; fileEncoding = 4; lastKnownFileType = text; path = music_stream.crdownload; sourceTree = "<group>"; };
		2EAD0FEE2CFCA171007C340B /* ResetPage.swift */ = {isa = PBXFileReference; lastKnownFileType = sourcecode.swift; path = ResetPage.swift; sourceTree = "<group>"; };
		2EFE339F2BCBB60A00FB9FED /* StreamDetailsView.swift */ = {isa = PBXFileReference; lastKnownFileType = sourcecode.swift; path = StreamDetailsView.swift; sourceTree = "<group>"; };
/* End PBXFileReference section */

/* Begin PBXFrameworksBuildPhase section */
		2E6FAFD52BB201AC006957D8 /* Frameworks */ = {
			isa = PBXFrameworksBuildPhase;
			buildActionMask = 2147483647;
			files = (
				2E6FB0112BB215DC006957D8 /* StreamingKit.framework in Frameworks */,
				2EFE33A32BCDC22A00FB9FED /* SwiftSoup in Frameworks */,
			);
			runOnlyForDeploymentPostprocessing = 0;
		};
		2E6FAFF92BB215DC006957D8 /* Frameworks */ = {
			isa = PBXFrameworksBuildPhase;
			buildActionMask = 2147483647;
			files = (
			);
			runOnlyForDeploymentPostprocessing = 0;
		};
		2E6FB0022BB215DC006957D8 /* Frameworks */ = {
			isa = PBXFrameworksBuildPhase;
			buildActionMask = 2147483647;
			files = (
				2E6FB0062BB215DC006957D8 /* StreamingKit.framework in Frameworks */,
			);
			runOnlyForDeploymentPostprocessing = 0;
		};
/* End PBXFrameworksBuildPhase section */

/* Begin PBXGroup section */
		2E6FAFCF2BB201AC006957D8 = {
			isa = PBXGroup;
			children = (
				2E6FAFDA2BB201AC006957D8 /* WakeRadio */,
				2E6FAFD92BB201AC006957D8 /* Products */,
			);
			sourceTree = "<group>";
		};
		2E6FAFD92BB201AC006957D8 /* Products */ = {
			isa = PBXGroup;
			children = (
				2E6FAFD82BB201AC006957D8 /* WakeRadio.app */,
				2E6FAFFC2BB215DC006957D8 /* StreamingKit.framework */,
				2E6FB0052BB215DC006957D8 /* StreamingKitTests.xctest */,
			);
			name = Products;
			sourceTree = "<group>";
		};
		2E6FAFDA2BB201AC006957D8 /* WakeRadio */ = {
			isa = PBXGroup;
			children = (
				2E8882BC2BBB501E005BCFBE /* Sound */,
				2E6FAFDB2BB201AC006957D8 /* AppDelegate.swift */,
				2E6FAFDD2BB201AC006957D8 /* SceneDelegate.swift */,
				2E6FAFDF2BB201AC006957D8 /* ViewController.swift */,
				2E77EC8E2C7BFE19002B7404 /* AdminPage.swift */,
				2EAD0FEE2CFCA171007C340B /* ResetPage.swift */,
				2EFE339F2BCBB60A00FB9FED /* StreamDetailsView.swift */,
				2E6FAFE12BB201AC006957D8 /* Main.storyboard */,
				2E6FAFE42BB201AD006957D8 /* Assets.xcassets */,
				2E6FAFE62BB201AD006957D8 /* LaunchScreen.storyboard */,
				2E6FAFE92BB201AD006957D8 /* Info.plist */,
			);
			path = WakeRadio;
			sourceTree = "<group>";
		};
		2E8882BC2BBB501E005BCFBE /* Sound */ = {
			isa = PBXGroup;
			children = (
				2E8882BD2BBB501E005BCFBE /* music_stream.crdownload */,
			);
			path = Sound;
			sourceTree = "<group>";
		};
/* End PBXGroup section */

/* Begin PBXHeadersBuildPhase section */
		2E6FAFF72BB215DC006957D8 /* Headers */ = {
			isa = PBXHeadersBuildPhase;
			buildActionMask = 2147483647;
			files = (
			);
			runOnlyForDeploymentPostprocessing = 0;
		};
/* End PBXHeadersBuildPhase section */

/* Begin PBXNativeTarget section */
		2E6FAFD72BB201AC006957D8 /* WakeRadio */ = {
			isa = PBXNativeTarget;
			buildConfigurationList = 2E6FAFEC2BB201AD006957D8 /* Build configuration list for PBXNativeTarget "WakeRadio" */;
			buildPhases = (
				2E6FAFD42BB201AC006957D8 /* Sources */,
				2E6FAFD52BB201AC006957D8 /* Frameworks */,
				2E6FAFD62BB201AC006957D8 /* Resources */,
				2E6FB0162BB215DC006957D8 /* Embed Frameworks */,
			);
			buildRules = (
			);
			dependencies = (
				2E6FB0102BB215DC006957D8 /* PBXTargetDependency */,
			);
			name = WakeRadio;
			packageProductDependencies = (
				2EFE33A22BCDC22A00FB9FED /* SwiftSoup */,
			);
			productName = WakeRadio;
			productReference = 2E6FAFD82BB201AC006957D8 /* WakeRadio.app */;
			productType = "com.apple.product-type.application";
		};
		2E6FAFFB2BB215DC006957D8 /* StreamingKit */ = {
			isa = PBXNativeTarget;
			buildConfigurationList = 2E6FB0132BB215DC006957D8 /* Build configuration list for PBXNativeTarget "StreamingKit" */;
			buildPhases = (
				2E6FAFF72BB215DC006957D8 /* Headers */,
				2E6FAFF82BB215DC006957D8 /* Sources */,
				2E6FAFF92BB215DC006957D8 /* Frameworks */,
				2E6FAFFA2BB215DC006957D8 /* Resources */,
			);
			buildRules = (
			);
			dependencies = (
			);
			name = StreamingKit;
			productName = StreamingKit;
			productReference = 2E6FAFFC2BB215DC006957D8 /* StreamingKit.framework */;
			productType = "com.apple.product-type.framework";
		};
		2E6FB0042BB215DC006957D8 /* StreamingKitTests */ = {
			isa = PBXNativeTarget;
			buildConfigurationList = 2E6FB0172BB215DC006957D8 /* Build configuration list for PBXNativeTarget "StreamingKitTests" */;
			buildPhases = (
				2E6FB0012BB215DC006957D8 /* Sources */,
				2E6FB0022BB215DC006957D8 /* Frameworks */,
				2E6FB0032BB215DC006957D8 /* Resources */,
			);
			buildRules = (
			);
			dependencies = (
				2E6FB0082BB215DC006957D8 /* PBXTargetDependency */,
				2E6FB00A2BB215DC006957D8 /* PBXTargetDependency */,
			);
			name = StreamingKitTests;
			productName = StreamingKitTests;
			productReference = 2E6FB0052BB215DC006957D8 /* StreamingKitTests.xctest */;
			productType = "com.apple.product-type.bundle.unit-test";
		};
/* End PBXNativeTarget section */

/* Begin PBXProject section */
		2E6FAFD02BB201AC006957D8 /* Project object */ = {
			isa = PBXProject;
			attributes = {
				BuildIndependentTargetsInParallel = 1;
				LastSwiftUpdateCheck = 1510;
				LastUpgradeCheck = 1510;
				TargetAttributes = {
					2E6FAFD72BB201AC006957D8 = {
						CreatedOnToolsVersion = 15.1;
					};
					2E6FAFFB2BB215DC006957D8 = {
						CreatedOnToolsVersion = 15.1;
					};
					2E6FB0042BB215DC006957D8 = {
						CreatedOnToolsVersion = 15.1;
						TestTargetID = 2E6FAFD72BB201AC006957D8;
					};
				};
			};
			buildConfigurationList = 2E6FAFD32BB201AC006957D8 /* Build configuration list for PBXProject "WakeRadio" */;
			compatibilityVersion = "Xcode 14.0";
			developmentRegion = en;
			hasScannedForEncodings = 0;
			knownRegions = (
				en,
				Base,
			);
			mainGroup = 2E6FAFCF2BB201AC006957D8;
			packageReferences = (
				2EFE33A12BCDC22A00FB9FED /* XCRemoteSwiftPackageReference "SwiftSoup" */,
			);
			productRefGroup = 2E6FAFD92BB201AC006957D8 /* Products */;
			projectDirPath = "";
			projectRoot = "";
			targets = (
				2E6FAFD72BB201AC006957D8 /* WakeRadio */,
				2E6FAFFB2BB215DC006957D8 /* StreamingKit */,
				2E6FB0042BB215DC006957D8 /* StreamingKitTests */,
			);
		};
/* End PBXProject section */

/* Begin PBXResourcesBuildPhase section */
		2E6FAFD62BB201AC006957D8 /* Resources */ = {
			isa = PBXResourcesBuildPhase;
			buildActionMask = 2147483647;
			files = (
				2E6FAFE82BB201AD006957D8 /* LaunchScreen.storyboard in Resources */,
				2E6FAFE52BB201AD006957D8 /* Assets.xcassets in Resources */,
				2E8882BE2BBB501E005BCFBE /* music_stream.crdownload in Resources */,
				2E6FAFE32BB201AC006957D8 /* Main.storyboard in Resources */,
			);
			runOnlyForDeploymentPostprocessing = 0;
		};
		2E6FAFFA2BB215DC006957D8 /* Resources */ = {
			isa = PBXResourcesBuildPhase;
			buildActionMask = 2147483647;
			files = (
			);
			runOnlyForDeploymentPostprocessing = 0;
		};
		2E6FB0032BB215DC006957D8 /* Resources */ = {
			isa = PBXResourcesBuildPhase;
			buildActionMask = 2147483647;
			files = (
			);
			runOnlyForDeploymentPostprocessing = 0;
		};
/* End PBXResourcesBuildPhase section */

/* Begin PBXSourcesBuildPhase section */
		2E6FAFD42BB201AC006957D8 /* Sources */ = {
			isa = PBXSourcesBuildPhase;
			buildActionMask = 2147483647;
			files = (
				2E6FAFE02BB201AC006957D8 /* ViewController.swift in Sources */,
				2E6FAFDC2BB201AC006957D8 /* AppDelegate.swift in Sources */,
				2EAD0FEF2CFCA171007C340B /* ResetPage.swift in Sources */,
				2EFE33A02BCBB60A00FB9FED /* StreamDetailsView.swift in Sources */,
				2E6FAFDE2BB201AC006957D8 /* SceneDelegate.swift in Sources */,
				2E77EC8F2C7BFE19002B7404 /* AdminPage.swift in Sources */,
			);
			runOnlyForDeploymentPostprocessing = 0;
		};
		2E6FAFF82BB215DC006957D8 /* Sources */ = {
			isa = PBXSourcesBuildPhase;
			buildActionMask = 2147483647;
			files = (
			);
			runOnlyForDeploymentPostprocessing = 0;
		};
		2E6FB0012BB215DC006957D8 /* Sources */ = {
			isa = PBXSourcesBuildPhase;
			buildActionMask = 2147483647;
			files = (
			);
			runOnlyForDeploymentPostprocessing = 0;
		};
/* End PBXSourcesBuildPhase section */

/* Begin PBXTargetDependency section */
		2E6FB0082BB215DC006957D8 /* PBXTargetDependency */ = {
			isa = PBXTargetDependency;
			target = 2E6FAFFB2BB215DC006957D8 /* StreamingKit */;
			targetProxy = 2E6FB0072BB215DC006957D8 /* PBXContainerItemProxy */;
		};
		2E6FB00A2BB215DC006957D8 /* PBXTargetDependency */ = {
			isa = PBXTargetDependency;
			target = 2E6FAFD72BB201AC006957D8 /* WakeRadio */;
			targetProxy = 2E6FB0092BB215DC006957D8 /* PBXContainerItemProxy */;
		};
		2E6FB0102BB215DC006957D8 /* PBXTargetDependency */ = {
			isa = PBXTargetDependency;
			target = 2E6FAFFB2BB215DC006957D8 /* StreamingKit */;
			targetProxy = 2E6FB00F2BB215DC006957D8 /* PBXContainerItemProxy */;
		};
/* End PBXTargetDependency section */

/* Begin PBXVariantGroup section */
		2E6FAFE12BB201AC006957D8 /* Main.storyboard */ = {
			isa = PBXVariantGroup;
			children = (
				2E6FAFE22BB201AC006957D8 /* Base */,
			);
			name = Main.storyboard;
			sourceTree = "<group>";
		};
		2E6FAFE62BB201AD006957D8 /* LaunchScreen.storyboard */ = {
			isa = PBXVariantGroup;
			children = (
				2E6FAFE72BB201AD006957D8 /* Base */,
			);
			name = LaunchScreen.storyboard;
			sourceTree = "<group>";
		};
/* End PBXVariantGroup section */

/* Begin XCBuildConfiguration section */
		2E6FAFEA2BB201AD006957D8 /* Debug */ = {
			isa = XCBuildConfiguration;
			buildSettings = {
				ALWAYS_SEARCH_USER_PATHS = NO;
				ASSETCATALOG_COMPILER_GENERATE_SWIFT_ASSET_SYMBOL_EXTENSIONS = YES;
				CLANG_ANALYZER_NONNULL = YES;
				CLANG_ANALYZER_NUMBER_OBJECT_CONVERSION = YES_AGGRESSIVE;
				CLANG_CXX_LANGUAGE_STANDARD = "gnu++20";
				CLANG_ENABLE_MODULES = YES;
				CLANG_ENABLE_OBJC_ARC = YES;
				CLANG_ENABLE_OBJC_WEAK = YES;
				CLANG_WARN_BLOCK_CAPTURE_AUTORELEASING = YES;
				CLANG_WARN_BOOL_CONVERSION = YES;
				CLANG_WARN_COMMA = YES;
				CLANG_WARN_CONSTANT_CONVERSION = YES;
				CLANG_WARN_DEPRECATED_OBJC_IMPLEMENTATIONS = YES;
				CLANG_WARN_DIRECT_OBJC_ISA_USAGE = YES_ERROR;
				CLANG_WARN_DOCUMENTATION_COMMENTS = YES;
				CLANG_WARN_EMPTY_BODY = YES;
				CLANG_WARN_ENUM_CONVERSION = YES;
				CLANG_WARN_INFINITE_RECURSION = YES;
				CLANG_WARN_INT_CONVERSION = YES;
				CLANG_WARN_NON_LITERAL_NULL_CONVERSION = YES;
				CLANG_WARN_OBJC_IMPLICIT_RETAIN_SELF = YES;
				CLANG_WARN_OBJC_LITERAL_CONVERSION = YES;
				CLANG_WARN_OBJC_ROOT_CLASS = YES_ERROR;
				CLANG_WARN_QUOTED_INCLUDE_IN_FRAMEWORK_HEADER = YES;
				CLANG_WARN_RANGE_LOOP_ANALYSIS = YES;
				CLANG_WARN_STRICT_PROTOTYPES = YES;
				CLANG_WARN_SUSPICIOUS_MOVE = YES;
				CLANG_WARN_UNGUARDED_AVAILABILITY = YES_AGGRESSIVE;
				CLANG_WARN_UNREACHABLE_CODE = YES;
				CLANG_WARN__DUPLICATE_METHOD_MATCH = YES;
				COPY_PHASE_STRIP = NO;
				DEBUG_INFORMATION_FORMAT = dwarf;
				ENABLE_STRICT_OBJC_MSGSEND = YES;
				ENABLE_TESTABILITY = YES;
				ENABLE_USER_SCRIPT_SANDBOXING = YES;
				GCC_C_LANGUAGE_STANDARD = gnu17;
				GCC_DYNAMIC_NO_PIC = NO;
				GCC_NO_COMMON_BLOCKS = YES;
				GCC_OPTIMIZATION_LEVEL = 0;
				GCC_PREPROCESSOR_DEFINITIONS = (
					"DEBUG=1",
					"$(inherited)",
				);
				GCC_WARN_64_TO_32_BIT_CONVERSION = YES;
				GCC_WARN_ABOUT_RETURN_TYPE = YES_ERROR;
				GCC_WARN_UNDECLARED_SELECTOR = YES;
				GCC_WARN_UNINITIALIZED_AUTOS = YES_AGGRESSIVE;
				GCC_WARN_UNUSED_FUNCTION = YES;
				GCC_WARN_UNUSED_VARIABLE = YES;
				IPHONEOS_DEPLOYMENT_TARGET = 17.2;
				LOCALIZATION_PREFERS_STRING_CATALOGS = YES;
				MTL_ENABLE_DEBUG_INFO = INCLUDE_SOURCE;
				MTL_FAST_MATH = YES;
				ONLY_ACTIVE_ARCH = YES;
				SDKROOT = iphoneos;
				SWIFT_ACTIVE_COMPILATION_CONDITIONS = "DEBUG $(inherited)";
				SWIFT_OPTIMIZATION_LEVEL = "-Onone";
			};
			name = Debug;
		};
		2E6FAFEB2BB201AD006957D8 /* Release */ = {
			isa = XCBuildConfiguration;
			buildSettings = {
				ALWAYS_SEARCH_USER_PATHS = NO;
				ASSETCATALOG_COMPILER_GENERATE_SWIFT_ASSET_SYMBOL_EXTENSIONS = YES;
				CLANG_ANALYZER_NONNULL = YES;
				CLANG_ANALYZER_NUMBER_OBJECT_CONVERSION = YES_AGGRESSIVE;
				CLANG_CXX_LANGUAGE_STANDARD = "gnu++20";
				CLANG_ENABLE_MODULES = YES;
				CLANG_ENABLE_OBJC_ARC = YES;
				CLANG_ENABLE_OBJC_WEAK = YES;
				CLANG_WARN_BLOCK_CAPTURE_AUTORELEASING = YES;
				CLANG_WARN_BOOL_CONVERSION = YES;
				CLANG_WARN_COMMA = YES;
				CLANG_WARN_CONSTANT_CONVERSION = YES;
				CLANG_WARN_DEPRECATED_OBJC_IMPLEMENTATIONS = YES;
				CLANG_WARN_DIRECT_OBJC_ISA_USAGE = YES_ERROR;
				CLANG_WARN_DOCUMENTATION_COMMENTS = YES;
				CLANG_WARN_EMPTY_BODY = YES;
				CLANG_WARN_ENUM_CONVERSION = YES;
				CLANG_WARN_INFINITE_RECURSION = YES;
				CLANG_WARN_INT_CONVERSION = YES;
				CLANG_WARN_NON_LITERAL_NULL_CONVERSION = YES;
				CLANG_WARN_OBJC_IMPLICIT_RETAIN_SELF = YES;
				CLANG_WARN_OBJC_LITERAL_CONVERSION = YES;
				CLANG_WARN_OBJC_ROOT_CLASS = YES_ERROR;
				CLANG_WARN_QUOTED_INCLUDE_IN_FRAMEWORK_HEADER = YES;
				CLANG_WARN_RANGE_LOOP_ANALYSIS = YES;
				CLANG_WARN_STRICT_PROTOTYPES = YES;
				CLANG_WARN_SUSPICIOUS_MOVE = YES;
				CLANG_WARN_UNGUARDED_AVAILABILITY = YES_AGGRESSIVE;
				CLANG_WARN_UNREACHABLE_CODE = YES;
				CLANG_WARN__DUPLICATE_METHOD_MATCH = YES;
				COPY_PHASE_STRIP = NO;
				DEBUG_INFORMATION_FORMAT = "dwarf-with-dsym";
				ENABLE_NS_ASSERTIONS = NO;
				ENABLE_STRICT_OBJC_MSGSEND = YES;
				ENABLE_USER_SCRIPT_SANDBOXING = YES;
				GCC_C_LANGUAGE_STANDARD = gnu17;
				GCC_NO_COMMON_BLOCKS = YES;
				GCC_WARN_64_TO_32_BIT_CONVERSION = YES;
				GCC_WARN_ABOUT_RETURN_TYPE = YES_ERROR;
				GCC_WARN_UNDECLARED_SELECTOR = YES;
				GCC_WARN_UNINITIALIZED_AUTOS = YES_AGGRESSIVE;
				GCC_WARN_UNUSED_FUNCTION = YES;
				GCC_WARN_UNUSED_VARIABLE = YES;
				IPHONEOS_DEPLOYMENT_TARGET = 17.2;
				LOCALIZATION_PREFERS_STRING_CATALOGS = YES;
				MTL_ENABLE_DEBUG_INFO = NO;
				MTL_FAST_MATH = YES;
				SDKROOT = iphoneos;
				SWIFT_COMPILATION_MODE = wholemodule;
				VALIDATE_PRODUCT = YES;
			};
			name = Release;
		};
		2E6FAFED2BB201AD006957D8 /* Debug */ = {
			isa = XCBuildConfiguration;
			buildSettings = {
				ASSETCATALOG_COMPILER_APPICON_NAME = AppIcon;
				ASSETCATALOG_COMPILER_GLOBAL_ACCENT_COLOR_NAME = AccentColor;
				CODE_SIGN_STYLE = Automatic;
				CURRENT_PROJECT_VERSION = 1;
				GENERATE_INFOPLIST_FILE = YES;
				INFOPLIST_FILE = WakeRadio/Info.plist;
				INFOPLIST_KEY_UIApplicationSupportsIndirectInputEvents = YES;
				INFOPLIST_KEY_UILaunchStoryboardName = LaunchScreen;
				INFOPLIST_KEY_UIMainStoryboardFile = Main;
				INFOPLIST_KEY_UISupportedInterfaceOrientations_iPad = "UIInterfaceOrientationPortrait UIInterfaceOrientationPortraitUpsideDown UIInterfaceOrientationLandscapeLeft UIInterfaceOrientationLandscapeRight";
				INFOPLIST_KEY_UISupportedInterfaceOrientations_iPhone = "UIInterfaceOrientationPortrait UIInterfaceOrientationLandscapeLeft UIInterfaceOrientationLandscapeRight";
				LD_RUNPATH_SEARCH_PATHS = (
					"$(inherited)",
					"@executable_path/Frameworks",
				);
				MARKETING_VERSION = 1.0;
				PRODUCT_BUNDLE_IDENTIFIER = com.wakeforest.WakeRadio;
				PRODUCT_NAME = "$(TARGET_NAME)";
				SUPPORTED_PLATFORMS = "iphoneos iphonesimulator";
				SUPPORTS_MACCATALYST = NO;
				SUPPORTS_MAC_DESIGNED_FOR_IPHONE_IPAD = NO;
				SWIFT_EMIT_LOC_STRINGS = YES;
				SWIFT_VERSION = 5.0;
				TARGETED_DEVICE_FAMILY = "1,2";
			};
			name = Debug;
		};
		2E6FAFEE2BB201AD006957D8 /* Release */ = {
			isa = XCBuildConfiguration;
			buildSettings = {
				ASSETCATALOG_COMPILER_APPICON_NAME = AppIcon;
				ASSETCATALOG_COMPILER_GLOBAL_ACCENT_COLOR_NAME = AccentColor;
				CODE_SIGN_STYLE = Automatic;
				CURRENT_PROJECT_VERSION = 1;
				GENERATE_INFOPLIST_FILE = YES;
				INFOPLIST_FILE = WakeRadio/Info.plist;
				INFOPLIST_KEY_UIApplicationSupportsIndirectInputEvents = YES;
				INFOPLIST_KEY_UILaunchStoryboardName = LaunchScreen;
				INFOPLIST_KEY_UIMainStoryboardFile = Main;
				INFOPLIST_KEY_UISupportedInterfaceOrientations_iPad = "UIInterfaceOrientationPortrait UIInterfaceOrientationPortraitUpsideDown UIInterfaceOrientationLandscapeLeft UIInterfaceOrientationLandscapeRight";
				INFOPLIST_KEY_UISupportedInterfaceOrientations_iPhone = "UIInterfaceOrientationPortrait UIInterfaceOrientationLandscapeLeft UIInterfaceOrientationLandscapeRight";
				LD_RUNPATH_SEARCH_PATHS = (
					"$(inherited)",
					"@executable_path/Frameworks",
				);
				MARKETING_VERSION = 1.0;
				PRODUCT_BUNDLE_IDENTIFIER = com.wakeforest.WakeRadio;
				PRODUCT_NAME = "$(TARGET_NAME)";
				SUPPORTED_PLATFORMS = "iphoneos iphonesimulator";
				SUPPORTS_MACCATALYST = NO;
				SUPPORTS_MAC_DESIGNED_FOR_IPHONE_IPAD = NO;
				SWIFT_EMIT_LOC_STRINGS = YES;
				SWIFT_VERSION = 5.0;
				TARGETED_DEVICE_FAMILY = "1,2";
			};
			name = Release;
		};
		2E6FB0142BB215DC006957D8 /* Debug */ = {
			isa = XCBuildConfiguration;
			buildSettings = {
				CODE_SIGN_STYLE = Automatic;
				CURRENT_PROJECT_VERSION = 1;
				DEFINES_MODULE = YES;
				DYLIB_COMPATIBILITY_VERSION = 1;
				DYLIB_CURRENT_VERSION = 1;
				DYLIB_INSTALL_NAME_BASE = "@rpath";
				ENABLE_MODULE_VERIFIER = YES;
				GENERATE_INFOPLIST_FILE = YES;
				INFOPLIST_KEY_NSHumanReadableCopyright = "";
				INSTALL_PATH = "$(LOCAL_LIBRARY_DIR)/Frameworks";
				LD_RUNPATH_SEARCH_PATHS = (
					"$(inherited)",
					"@executable_path/Frameworks",
					"@loader_path/Frameworks",
				);
				MARKETING_VERSION = 1.0;
				MODULE_VERIFIER_SUPPORTED_LANGUAGES = "objective-c objective-c++";
				MODULE_VERIFIER_SUPPORTED_LANGUAGE_STANDARDS = "gnu17 gnu++20";
				PRODUCT_BUNDLE_IDENTIFIER = com.wakeforest.StreamingKit;
				PRODUCT_NAME = "$(TARGET_NAME:c99extidentifier)";
				SKIP_INSTALL = YES;
				SWIFT_EMIT_LOC_STRINGS = YES;
				SWIFT_VERSION = 5.0;
				TARGETED_DEVICE_FAMILY = "1,2";
				VERSIONING_SYSTEM = "apple-generic";
				VERSION_INFO_PREFIX = "";
			};
			name = Debug;
		};
		2E6FB0152BB215DC006957D8 /* Release */ = {
			isa = XCBuildConfiguration;
			buildSettings = {
				CODE_SIGN_STYLE = Automatic;
				CURRENT_PROJECT_VERSION = 1;
				DEFINES_MODULE = YES;
				DYLIB_COMPATIBILITY_VERSION = 1;
				DYLIB_CURRENT_VERSION = 1;
				DYLIB_INSTALL_NAME_BASE = "@rpath";
				ENABLE_MODULE_VERIFIER = YES;
				GENERATE_INFOPLIST_FILE = YES;
				INFOPLIST_KEY_NSHumanReadableCopyright = "";
				INSTALL_PATH = "$(LOCAL_LIBRARY_DIR)/Frameworks";
				LD_RUNPATH_SEARCH_PATHS = (
					"$(inherited)",
					"@executable_path/Frameworks",
					"@loader_path/Frameworks",
				);
				MARKETING_VERSION = 1.0;
				MODULE_VERIFIER_SUPPORTED_LANGUAGES = "objective-c objective-c++";
				MODULE_VERIFIER_SUPPORTED_LANGUAGE_STANDARDS = "gnu17 gnu++20";
				PRODUCT_BUNDLE_IDENTIFIER = com.wakeforest.StreamingKit;
				PRODUCT_NAME = "$(TARGET_NAME:c99extidentifier)";
				SKIP_INSTALL = YES;
				SWIFT_EMIT_LOC_STRINGS = YES;
				SWIFT_VERSION = 5.0;
				TARGETED_DEVICE_FAMILY = "1,2";
				VERSIONING_SYSTEM = "apple-generic";
				VERSION_INFO_PREFIX = "";
			};
			name = Release;
		};
		2E6FB0182BB215DC006957D8 /* Debug */ = {
			isa = XCBuildConfiguration;
			buildSettings = {
				ALWAYS_EMBED_SWIFT_STANDARD_LIBRARIES = YES;
				CODE_SIGN_STYLE = Automatic;
				CURRENT_PROJECT_VERSION = 1;
				GENERATE_INFOPLIST_FILE = YES;
				MARKETING_VERSION = 1.0;
				PRODUCT_BUNDLE_IDENTIFIER = com.wakeforest.StreamingKitTests;
				PRODUCT_NAME = "$(TARGET_NAME)";
				SWIFT_EMIT_LOC_STRINGS = NO;
				SWIFT_VERSION = 5.0;
				TARGETED_DEVICE_FAMILY = "1,2";
				TEST_HOST = "$(BUILT_PRODUCTS_DIR)/WakeRadio.app/$(BUNDLE_EXECUTABLE_FOLDER_PATH)/WakeRadio";
			};
			name = Debug;
		};
		2E6FB0192BB215DC006957D8 /* Release */ = {
			isa = XCBuildConfiguration;
			buildSettings = {
				ALWAYS_EMBED_SWIFT_STANDARD_LIBRARIES = YES;
				CODE_SIGN_STYLE = Automatic;
				CURRENT_PROJECT_VERSION = 1;
				GENERATE_INFOPLIST_FILE = YES;
				MARKETING_VERSION = 1.0;
				PRODUCT_BUNDLE_IDENTIFIER = com.wakeforest.StreamingKitTests;
				PRODUCT_NAME = "$(TARGET_NAME)";
				SWIFT_EMIT_LOC_STRINGS = NO;
				SWIFT_VERSION = 5.0;
				TARGETED_DEVICE_FAMILY = "1,2";
				TEST_HOST = "$(BUILT_PRODUCTS_DIR)/WakeRadio.app/$(BUNDLE_EXECUTABLE_FOLDER_PATH)/WakeRadio";
			};
			name = Release;
		};
/* End XCBuildConfiguration section */

/* Begin XCConfigurationList section */
		2E6FAFD32BB201AC006957D8 /* Build configuration list for PBXProject "WakeRadio" */ = {
			isa = XCConfigurationList;
			buildConfigurations = (
				2E6FAFEA2BB201AD006957D8 /* Debug */,
				2E6FAFEB2BB201AD006957D8 /* Release */,
			);
			defaultConfigurationIsVisible = 0;
			defaultConfigurationName = Release;
		};
		2E6FAFEC2BB201AD006957D8 /* Build configuration list for PBXNativeTarget "WakeRadio" */ = {
			isa = XCConfigurationList;
			buildConfigurations = (
				2E6FAFED2BB201AD006957D8 /* Debug */,
				2E6FAFEE2BB201AD006957D8 /* Release */,
			);
			defaultConfigurationIsVisible = 0;
			defaultConfigurationName = Release;
		};
		2E6FB0132BB215DC006957D8 /* Build configuration list for PBXNativeTarget "StreamingKit" */ = {
			isa = XCConfigurationList;
			buildConfigurations = (
				2E6FB0142BB215DC006957D8 /* Debug */,
				2E6FB0152BB215DC006957D8 /* Release */,
			);
			defaultConfigurationIsVisible = 0;
			defaultConfigurationName = Release;
		};
		2E6FB0172BB215DC006957D8 /* Build configuration list for PBXNativeTarget "StreamingKitTests" */ = {
			isa = XCConfigurationList;
			buildConfigurations = (
				2E6FB0182BB215DC006957D8 /* Debug */,
				2E6FB0192BB215DC006957D8 /* Release */,
			);
			defaultConfigurationIsVisible = 0;
			defaultConfigurationName = Release;
		};
/* End XCConfigurationList section */

/* Begin XCRemoteSwiftPackageReference section */
		2EFE33A12BCDC22A00FB9FED /* XCRemoteSwiftPackageReference "SwiftSoup" */ = {
			isa = XCRemoteSwiftPackageReference;
			repositoryURL = "https://github.com/scinfu/SwiftSoup";
			requirement = {
				kind = upToNextMajorVersion;
				minimumVersion = 2.7.2;
			};
		};
/* End XCRemoteSwiftPackageReference section */

/* Begin XCSwiftPackageProductDependency section */
		2EFE33A22BCDC22A00FB9FED /* SwiftSoup */ = {
			isa = XCSwiftPackageProductDependency;
			package = 2EFE33A12BCDC22A00FB9FED /* XCRemoteSwiftPackageReference "SwiftSoup" */;
			productName = SwiftSoup;
		};
/* End XCSwiftPackageProductDependency section */
	};
	rootObject = 2E6FAFD02BB201AC006957D8 /* Project object */;
}
